<?xml version="1.0" encoding="utf-8"?>
<Project ToolsVersion="4.0" xmlns="http://schemas.microsoft.com/developer/msbuild/2003">
  <ItemGroup>
    <Filter Include="Файлы заголовков">
      <UniqueIdentifier>{93995380-89BD-4b04-88EB-625FBE52EBFB}</UniqueIdentifier>
      <Extensions>h;hh;hpp;hxx;h++;hm;inl;inc;ipp;xsd</Extensions>
    </Filter>
    <Filter Include="Файлы ресурсов">
      <UniqueIdentifier>{67DA6AB6-F800-4c08-8B7A-83BB121AAD01}</UniqueIdentifier>
      <Extensions>rc;ico;cur;bmp;dlg;rc2;rct;bin;rgs;gif;jpg;jpeg;jpe;resx;tiff;tif;png;wav;mfcribbon-ms</Extensions>
    </Filter>
    <Filter Include="Sockets">
      <UniqueIdentifier>{f7a55c68-8e81-4605-b351-81959bf73e75}</UniqueIdentifier>
    </Filter>
    <Filter Include="Models">
      <UniqueIdentifier>{67cd2d39-a8a8-4f14-a863-2b08ba9633f3}</UniqueIdentifier>
    </Filter>
    <Filter Include="Sockets\Server">
      <UniqueIdentifier>{56523110-5edb-491a-a29e-f4010a33ccef}</UniqueIdentifier>
    </Filter>
    <Filter Include="Sockets\Client">
      <UniqueIdentifier>{98c92dfe-fd7d-4a17-81f0-d9b1b03c5cc5}</UniqueIdentifier>
    </Filter>
    <Filter Include="Исходные файлы">
      <UniqueIdentifier>{4FC737F1-C7A5-4376-A066-2A32D752A2FF}</UniqueIdentifier>
      <Extensions>cpp;c;cc;cxx;c++;cppm;ixx;def;odl;idl;hpj;bat;asm;asmx</Extensions>
    </Filter>
  </ItemGroup>
  <ItemGroup>
    <ClCompile Include="MyForm.cpp">
      <Filter>Исходные файлы</Filter>
    </ClCompile>
    <ClCompile Include="Game.cpp">
      <Filter>Файлы заголовков</Filter>
    </ClCompile>
    <ClCompile Include="Server.h">
      <Filter>Sockets\Server</Filter>
    </ClCompile>
    <ClCompile Include="Client.h">
      <Filter>Sockets\Client</Filter>
    </ClCompile>
    <ClCompile Include="ServerHandler.cpp">
      <Filter>Sockets</Filter>
    </ClCompile>
    <ClCompile Include="BotHandler.cpp">
      <Filter>Sockets</Filter>
    </ClCompile>
    <ClCompile Include="MyForm6.cpp">
      <Filter>Исходные файлы</Filter>
    </ClCompile>
    <ClCompile Include="MyForm7.cpp">
      <Filter>Исходные файлы</Filter>
    </ClCompile>
  </ItemGroup>
  <ItemGroup>
    <ClInclude Include="MyForm.h">
      <Filter>Исходные файлы</Filter>
    </ClInclude>
    <ClInclude Include="MyForm1.h">
      <Filter>Исходные файлы</Filter>
    </ClInclude>
    <ClInclude Include="MyForm2.h">
      <Filter>Исходные файлы</Filter>
    </ClInclude>
    <ClInclude Include="MyForm3.h">
      <Filter>Исходные файлы</Filter>
    </ClInclude>
    <ClInclude Include="MyForm4.h">
      <Filter>Исходные файлы</Filter>
    </ClInclude>
    <ClInclude Include="MyForm5.h">
      <Filter>Исходные файлы</Filter>
    </ClInclude>
    <ClInclude Include="MutliplayerConnection.h">
      <Filter>Исходные файлы</Filter>
    </ClInclude>
    <ClInclude Include="Game.h">
      <Filter>Файлы заголовков</Filter>
    </ClInclude>
    <ClInclude Include="PointEvent.h">
      <Filter>Models</Filter>
    </ClInclude>
    <ClInclude Include="ServerHandler.h">
      <Filter>Sockets</Filter>
    </ClInclude>
    <ClInclude Include="BotHandler.h">
      <Filter>Sockets</Filter>
    </ClInclude>
    <ClInclude Include="MyForm6.h">
      <Filter>Исходные файлы</Filter>
    </ClInclude>
    <ClInclude Include="MyForm7.h">
      <Filter>Исходные файлы</Filter>
    </ClInclude>
  </ItemGroup>
</Project>